
Microsoft Visual Studio Solution File, Format Version 12.00
# Visual Studio 14
VisualStudioVersion = 14.0.25420.1
MinimumVisualStudioVersion = 10.0.40219.1
Project("{2150E333-8FDC-42A3-9474-1A3956D46DE8}") = "Builder", "Builder", "{E09E8797-C3E0-4F0B-9E35-AECF0FA94D3A}"
EndProject
Project("{2150E333-8FDC-42A3-9474-1A3956D46DE8}") = "Viewer", "Viewer", "{B51023E8-C568-4EC2-B472-1DAC68BA8F54}"
EndProject
Project("{2150E333-8FDC-42A3-9474-1A3956D46DE8}") = "Common", "Common", "{983EF55D-57A8-49C1-8EC6-BE3A7AA46332}"
EndProject
Project("{FAE04EC0-301F-11D3-BF4B-00C04F79EFBC}") = "DsmSuite.DsmViewer.Util", "DsmSuite.DsmViewer.Util\DsmSuite.DsmViewer.Util.csproj", "{7F3BEAB0-6C24-42DA-8134-F09499C8D306}"
EndProject
Project("{FAE04EC0-301F-11D3-BF4B-00C04F79EFBC}") = "DsmSuite.DsmViewer.Model", "DsmSuite.DsmViewer.Model\DsmSuite.DsmViewer.Model.csproj", "{E3BB07B9-C000-480E-81EF-FD1D4B96BFDE}"
EndProject
Project("{FAE04EC0-301F-11D3-BF4B-00C04F79EFBC}") = "DsmSuite.DsmViewer.Model.Test", "DsmSuite.DsmViewer.Model.Test\DsmSuite.DsmViewer.Model.Test.csproj", "{85ACB289-E42E-4910-A7C5-AEADF5B6BD68}"
EndProject
Project("{FAE04EC0-301F-11D3-BF4B-00C04F79EFBC}") = "DsmSuite.DsmViewer.View", "DsmSuite.DsmViewer.View\DsmSuite.DsmViewer.View.csproj", "{1C1B2F1E-F553-4DB6-8B68-6E66FBA78E90}"
EndProject
Project("{FAE04EC0-301F-11D3-BF4B-00C04F79EFBC}") = "DsmSuite.DsmViewer.View.Test", "DsmSuite.DsmViewer.View.Test\DsmSuite.DsmViewer.View.Test.csproj", "{146304A2-A93F-48CC-8CF7-C5FB16340231}"
EndProject
Project("{930C7802-8A8C-48F9-8165-68863BCCD9DD}") = "DsmSuite.DsmViewer.Installer", "DsmSuite.DsmViewer.Installer\DsmSuite.DsmViewer.Installer.wixproj", "{DD61D1A7-A3F5-4388-84A0-6566362003F4}"
	ProjectSection(ProjectDependencies) = postProject
		{1C1B2F1E-F553-4DB6-8B68-6E66FBA78E90} = {1C1B2F1E-F553-4DB6-8B68-6E66FBA78E90}
		{02E53D79-D1F8-4D2F-8568-15A8585B42F9} = {02E53D79-D1F8-4D2F-8568-15A8585B42F9}
		{7F3BEAB0-6C24-42DA-8134-F09499C8D306} = {7F3BEAB0-6C24-42DA-8134-F09499C8D306}
		{E3BB07B9-C000-480E-81EF-FD1D4B96BFDE} = {E3BB07B9-C000-480E-81EF-FD1D4B96BFDE}
	EndProjectSection
EndProject
Project("{2150E333-8FDC-42A3-9474-1A3956D46DE8}") = "Installer", "Installer", "{8BAA7F3A-BB6E-4AAF-A886-F890DA7AF90A}"
EndProject
Project("{FAE04EC0-301F-11D3-BF4B-00C04F79EFBC}") = "DsmSuite.DsmViewer.Builder", "DsmSuite.DsmViewer.Builder\DsmSuite.DsmViewer.Builder.csproj", "{02E53D79-D1F8-4D2F-8568-15A8585B42F9}"
EndProject
Project("{FAE04EC0-301F-11D3-BF4B-00C04F79EFBC}") = "DsmSuite.DsmViewer.Builder.Test", "DsmSuite.DsmViewer.Builder.Test\DsmSuite.DsmViewer.Builder.Test.csproj", "{CDE9C6CA-F015-46DF-8175-4B283ABA5960}"
EndProject
Global
	GlobalSection(SolutionConfigurationPlatforms) = preSolution
		Debug|x64 = Debug|x64
		Release|x64 = Release|x64
	EndGlobalSection
	GlobalSection(ProjectConfigurationPlatforms) = postSolution
		{7F3BEAB0-6C24-42DA-8134-F09499C8D306}.Debug|x64.ActiveCfg = Debug|x64
		{7F3BEAB0-6C24-42DA-8134-F09499C8D306}.Debug|x64.Build.0 = Debug|x64
		{7F3BEAB0-6C24-42DA-8134-F09499C8D306}.Release|x64.ActiveCfg = Release|x64
		{7F3BEAB0-6C24-42DA-8134-F09499C8D306}.Release|x64.Build.0 = Release|x64
		{E3BB07B9-C000-480E-81EF-FD1D4B96BFDE}.Debug|x64.ActiveCfg = Debug|x64
		{E3BB07B9-C000-480E-81EF-FD1D4B96BFDE}.Debug|x64.Build.0 = Debug|x64
		{E3BB07B9-C000-480E-81EF-FD1D4B96BFDE}.Release|x64.ActiveCfg = Release|x64
		{E3BB07B9-C000-480E-81EF-FD1D4B96BFDE}.Release|x64.Build.0 = Release|x64
		{85ACB289-E42E-4910-A7C5-AEADF5B6BD68}.Debug|x64.ActiveCfg = Debug|x64
		{85ACB289-E42E-4910-A7C5-AEADF5B6BD68}.Debug|x64.Build.0 = Debug|x64
		{85ACB289-E42E-4910-A7C5-AEADF5B6BD68}.Release|x64.ActiveCfg = Release|x64
		{85ACB289-E42E-4910-A7C5-AEADF5B6BD68}.Release|x64.Build.0 = Release|x64
		{1C1B2F1E-F553-4DB6-8B68-6E66FBA78E90}.Debug|x64.ActiveCfg = Debug|x64
		{1C1B2F1E-F553-4DB6-8B68-6E66FBA78E90}.Debug|x64.Build.0 = Debug|x64
		{1C1B2F1E-F553-4DB6-8B68-6E66FBA78E90}.Release|x64.ActiveCfg = Release|x64
		{1C1B2F1E-F553-4DB6-8B68-6E66FBA78E90}.Release|x64.Build.0 = Release|x64
		{146304A2-A93F-48CC-8CF7-C5FB16340231}.Debug|x64.ActiveCfg = Debug|x64
		{146304A2-A93F-48CC-8CF7-C5FB16340231}.Debug|x64.Build.0 = Debug|x64
		{146304A2-A93F-48CC-8CF7-C5FB16340231}.Release|x64.ActiveCfg = Release|x64
		{146304A2-A93F-48CC-8CF7-C5FB16340231}.Release|x64.Build.0 = Release|x64
		{DD61D1A7-A3F5-4388-84A0-6566362003F4}.Debug|x64.ActiveCfg = Debug|x86
		{DD61D1A7-A3F5-4388-84A0-6566362003F4}.Debug|x64.Build.0 = Debug|x86
		{DD61D1A7-A3F5-4388-84A0-6566362003F4}.Release|x64.ActiveCfg = Release|x86
		{DD61D1A7-A3F5-4388-84A0-6566362003F4}.Release|x64.Build.0 = Release|x86
		{02E53D79-D1F8-4D2F-8568-15A8585B42F9}.Debug|x64.ActiveCfg = Debug|x64
		{02E53D79-D1F8-4D2F-8568-15A8585B42F9}.Debug|x64.Build.0 = Debug|x64
		{02E53D79-D1F8-4D2F-8568-15A8585B42F9}.Release|x64.ActiveCfg = Release|x64
		{02E53D79-D1F8-4D2F-8568-15A8585B42F9}.Release|x64.Build.0 = Release|x64
		{CDE9C6CA-F015-46DF-8175-4B283ABA5960}.Debug|x64.ActiveCfg = Debug|x64
		{CDE9C6CA-F015-46DF-8175-4B283ABA5960}.Debug|x64.Build.0 = Debug|x64
		{CDE9C6CA-F015-46DF-8175-4B283ABA5960}.Release|x64.ActiveCfg = Release|x64
		{CDE9C6CA-F015-46DF-8175-4B283ABA5960}.Release|x64.Build.0 = Release|x64
	EndGlobalSection
	GlobalSection(SolutionProperties) = preSolution
		HideSolutionNode = FALSE
	EndGlobalSection
	GlobalSection(NestedProjects) = preSolution
		{7F3BEAB0-6C24-42DA-8134-F09499C8D306} = {983EF55D-57A8-49C1-8EC6-BE3A7AA46332}
		{E3BB07B9-C000-480E-81EF-FD1D4B96BFDE} = {983EF55D-57A8-49C1-8EC6-BE3A7AA46332}
		{85ACB289-E42E-4910-A7C5-AEADF5B6BD68} = {983EF55D-57A8-49C1-8EC6-BE3A7AA46332}
		{1C1B2F1E-F553-4DB6-8B68-6E66FBA78E90} = {B51023E8-C568-4EC2-B472-1DAC68BA8F54}
		{146304A2-A93F-48CC-8CF7-C5FB16340231} = {B51023E8-C568-4EC2-B472-1DAC68BA8F54}
		{DD61D1A7-A3F5-4388-84A0-6566362003F4} = {8BAA7F3A-BB6E-4AAF-A886-F890DA7AF90A}
		{02E53D79-D1F8-4D2F-8568-15A8585B42F9} = {E09E8797-C3E0-4F0B-9E35-AECF0FA94D3A}
		{CDE9C6CA-F015-46DF-8175-4B283ABA5960} = {E09E8797-C3E0-4F0B-9E35-AECF0FA94D3A}
	EndGlobalSection
EndGlobal
